
Microsoft Visual Studio Solution File, Format Version 12.00
# Visual Studio Version 17
VisualStudioVersion = 17.14.37216.2
MinimumVisualStudioVersion = 10.0.40219.1
Project("{FAE04EC0-301F-11D3-BF4B-00C04F79EFBC}") = "StudentManageSystem", "StudentManageSystem\StudentManageSystem.csproj", "{C7C6924F-FB22-4A22-9BC0-5B5F58C8ED99}"
EndProject
Global
	GlobalSection(SolutionConfigurationPlatforms) = preSolution
		Debug|Any CPU = Debug|Any CPU
		Release|Any CPU = Release|Any CPU
	EndGlobalSection
	GlobalSection(ProjectConfigurationPlatforms) = postSolution
		{C7C6924F-FB22-4A22-9BC0-5B5F58C8ED99}.Debug|Any CPU.ActiveCfg = Debug|Any CPU
		{C7C6924F-FB22-4A22-9BC0-5B5F58C8ED99}.Debug|Any CPU.Build.0 = Debug|Any CPU
		{C7C6924F-FB22-4A22-9BC0-5B5F58C8ED99}.Release|Any CPU.ActiveCfg = Release|Any CPU
		{C7C6924F-FB22-4A22-9BC0-5B5F58C8ED99}.Release|Any CPU.Build.0 = Release|Any CPU
	EndGlobalSection
	GlobalSection(SolutionProperties) = preSolution
		HideSolutionNode = FALSE
	EndGlobalSection
	GlobalSection(ExtensibilityGlobals) = postSolution
		SolutionGuid = {38401039-5E13-49AC-925B-228D54BE8A52}
	EndGlobalSection
EndGlobal
